
Microsoft Visual Studio Solution File, Format Version 12.00
# Visual Studio Version 17
VisualStudioVersion = 17.3.32819.101
MinimumVisualStudioVersion = 10.0.40219.1
Project("{FAE04EC0-301F-11D3-BF4B-00C04F79EFBC}") = "BlackyCSharp", "BlackyCSharp.csproj", "{80D18463-8053-4D41-BDA1-C1029930EEBA}"
EndProject
Global
	GlobalSection(SolutionConfigurationPlatforms) = preSolution
		Debug|Any CPU = Debug|Any CPU
		Release|Any CPU = Release|Any CPU
	EndGlobalSection
	GlobalSection(ProjectConfigurationPlatforms) = postSolution
		{80D18463-8053-4D41-BDA1-C1029930EEBA}.Debug|Any CPU.ActiveCfg = Debug|Any CPU
		{80D18463-8053-4D41-BDA1-C1029930EEBA}.Debug|Any CPU.Build.0 = Debug|Any CPU
		{80D18463-8053-4D41-BDA1-C1029930EEBA}.Release|Any CPU.ActiveCfg = Release|Any CPU
		{80D18463-8053-4D41-BDA1-C1029930EEBA}.Release|Any CPU.Build.0 = Release|Any CPU
	EndGlobalSection
	GlobalSection(SolutionProperties) = preSolution
		HideSolutionNode = FALSE
	EndGlobalSection
	GlobalSection(ExtensibilityGlobals) = postSolution
		SolutionGuid = {4E66AAC4-9E62-4A83-BE30-11BD3DF02DD8}
	EndGlobalSection
EndGlobal
